
Microsoft Visual Studio Solution File, Format Version 12.00
Project("{2150E333-8FDC-42A3-9474-1A3956D46DE8}") = "SSO", "SSO", "{298A21FB-392E-43DE-96BB-7C76936059F6}"
EndProject
Project("{2150E333-8FDC-42A3-9474-1A3956D46DE8}") = "Host", "SSO\Host", "{C4F5CD4C-C54C-42A9-A413-26544426CEC7}"
EndProject
Project("{FAE04EC0-301F-11D3-BF4B-00C04F79EFBC}") = "OtusHighload.Api", "SSO\Host\OtusHighload.Api.csproj", "{731AF5EA-043E-4173-9F26-58B2ADE29D2D}"
EndProject
Project("{2150E333-8FDC-42A3-9474-1A3956D46DE8}") = "Application", "SSO\Application", "{CBC30A5D-EA35-45C4-BEEB-4C1B36284EA8}"
EndProject
Project("{2150E333-8FDC-42A3-9474-1A3956D46DE8}") = "Contracts", "SSO\Contracts", "{C8563D98-99A3-4B5B-899E-470BC7DD56F8}"
EndProject
Project("{2150E333-8FDC-42A3-9474-1A3956D46DE8}") = "Infrastructure", "SSO\Infrastructure", "{49878B29-0135-4779-8D37-23F6640CD6EC}"
EndProject
Project("{2150E333-8FDC-42A3-9474-1A3956D46DE8}") = "Domain", "SSO\Domain", "{7731EE06-D456-4279-83A0-FC8672AB4FA2}"
EndProject
Project("{FAE04EC0-301F-11D3-BF4B-00C04F79EFBC}") = "OtusHighload.Contracts", "SSO\Contracts\OtusHighload.Contracts\OtusHighload.Contracts.csproj", "{67F2B064-4169-4646-B703-1C0A53D779B2}"
EndProject
Project("{FAE04EC0-301F-11D3-BF4B-00C04F79EFBC}") = "OtusHighload.Application", "SSO\Application\OtusHighload.Services\OtusHighload.Application.csproj", "{E73DE5F5-DACF-4BA1-A330-0AA63FCCC149}"
EndProject
Project("{FAE04EC0-301F-11D3-BF4B-00C04F79EFBC}") = "OtusHighload.Registry", "SSO\Infrastructure\OtusHighload.Registry\OtusHighload.Registry.csproj", "{DB079BCA-273D-42E6-B801-DA24E42B96B0}"
EndProject
Project("{FAE04EC0-301F-11D3-BF4B-00C04F79EFBC}") = "OtusHighload.DataAccess", "SSO\Infrastructure\OtusHighload.DataAccess\OtusHighload.DataAccess.csproj", "{17FACB13-78F7-49F3-9535-04AC299DBBA7}"
EndProject
Project("{FAE04EC0-301F-11D3-BF4B-00C04F79EFBC}") = "OtusHighload.Exceptions", "SSO\Domain\OtusHighload.Exceptions\OtusHighload.Exceptions.csproj", "{354CCC2E-5DEC-4C76-B4E3-C81392954BA3}"
EndProject
Project("{FAE04EC0-301F-11D3-BF4B-00C04F79EFBC}") = "OtusHighload.Entities", "SSO\Domain\OtusHighload.Entities\OtusHighload.Entities.csproj", "{C04E8F7F-18AB-47B6-A393-875E88C70F07}"
EndProject
Project("{2150E333-8FDC-42A3-9474-1A3956D46DE8}") = "Common", "Common", "{1856E6A8-E661-47E9-85A0-8325A01C75A5}"
EndProject
Project("{2150E333-8FDC-42A3-9474-1A3956D46DE8}") = "DataAccess", "DataAccess", "{004D8EEE-0E34-494E-A980-020CE6D3D528}"
EndProject
Project("{2150E333-8FDC-42A3-9474-1A3956D46DE8}") = "Http", "Http", "{02E0C4EA-9643-400E-AFE5-9D2636CE8413}"
EndProject
Project("{2150E333-8FDC-42A3-9474-1A3956D46DE8}") = "Utility", "Utility", "{786F8241-7205-40C8-B4A8-B315559A22E5}"
EndProject
Project("{FAE04EC0-301F-11D3-BF4B-00C04F79EFBC}") = "Common.DataAccess", "Common\DataAccess\Common.DataAccess\Common.DataAccess.csproj", "{7466B7AC-5935-446F-91B4-5636E0041413}"
EndProject
Project("{FAE04EC0-301F-11D3-BF4B-00C04F79EFBC}") = "Common.Http", "Common\Http\Common.Http\Common.Http.csproj", "{E76BD238-0F71-46E6-B51D-BCC6C91B6115}"
EndProject
Project("{FAE04EC0-301F-11D3-BF4B-00C04F79EFBC}") = "Common.Utility", "Common\Utility\Common.Utility.csproj", "{967F963A-5FE9-4AE9-9CE0-A3698BD49C11}"
EndProject
Project("{2150E333-8FDC-42A3-9474-1A3956D46DE8}") = "deployment", "deployment", "{F331DF2B-A75E-4564-AB32-63CEDF69AFC7}"
EndProject
Project("{FAE04EC0-301F-11D3-BF4B-00C04F79EFBC}") = "docker-compose", "deployment\docker-compose.dcproj", "{C6E990D9-1C85-4A17-9D3C-1E56547699D9}"
EndProject
Project("{2150E333-8FDC-42A3-9474-1A3956D46DE8}") = "Dialogs", "Dialogs", "{FDF978AC-1577-4DDC-8579-24CAE84463CC}"
EndProject
Project("{2150E333-8FDC-42A3-9474-1A3956D46DE8}") = "Application", "Application", "{5E1C9CD0-9D36-4E89-A1BC-790114AF9480}"
EndProject
Project("{2150E333-8FDC-42A3-9474-1A3956D46DE8}") = "Contracts", "Contracts", "{1364516C-D75D-4FF2-ADC8-B796A8BD91A2}"
EndProject
Project("{2150E333-8FDC-42A3-9474-1A3956D46DE8}") = "Domain", "Domain", "{294B9C0B-B077-4484-B8E2-FC3B9DBCE503}"
EndProject
Project("{2150E333-8FDC-42A3-9474-1A3956D46DE8}") = "Host", "Host", "{FCBED86C-EBE2-4EE5-B2F7-577B85D85BC2}"
EndProject
Project("{2150E333-8FDC-42A3-9474-1A3956D46DE8}") = "Infrastructure", "Infrastructure", "{29978894-2C4F-46EC-8294-B9412A74DCCC}"
EndProject
Project("{FAE04EC0-301F-11D3-BF4B-00C04F79EFBC}") = "Dialogs.Application", "Dialogs\Application\Dialogs.Application\Dialogs.Application.csproj", "{F63E2A9B-4A21-48D7-895B-AE0E6BBD1580}"
EndProject
Project("{FAE04EC0-301F-11D3-BF4B-00C04F79EFBC}") = "Dialogs.Contracts", "Dialogs\Contracts\Dialogs.Contracts\Dialogs.Contracts.csproj", "{00B8FF9D-6E51-4B7E-BC1E-FFADA1183CA6}"
EndProject
Project("{FAE04EC0-301F-11D3-BF4B-00C04F79EFBC}") = "Dialogs.Entities", "Dialogs\Domain\Dialogs.Entities\Dialogs.Entities.csproj", "{49C97EAB-930B-4FC5-8791-947B49EC2839}"
EndProject
Project("{FAE04EC0-301F-11D3-BF4B-00C04F79EFBC}") = "Dialogs.DataAccess", "Dialogs\Infrastructure\Dialogs.DataAccess\Dialogs.DataAccess.csproj", "{5B102EB3-5199-4C72-9016-8BF7BBE783A6}"
EndProject
Project("{FAE04EC0-301F-11D3-BF4B-00C04F79EFBC}") = "Dialogs.Registry", "Dialogs\Infrastructure\Dialogs.Registry\Dialogs.Registry.csproj", "{5260558A-5DDC-4B62-AF5B-09F75D170A27}"
EndProject
Project("{FAE04EC0-301F-11D3-BF4B-00C04F79EFBC}") = "Dialogs.Api", "Dialogs\Host\Dialogs.Api\Dialogs.Api.csproj", "{8930DEA4-709E-47A6-A18C-F53B50E5341E}"
EndProject
Project("{2150E333-8FDC-42A3-9474-1A3956D46DE8}") = "Infrastructure", "Infrastructure", "{B82F7F84-2CFA-4DDA-AFE8-4A30FC486F86}"
EndProject
Project("{2150E333-8FDC-42A3-9474-1A3956D46DE8}") = "PostSocket", "PostSocket", "{D42CA434-40AE-4DA0-A683-E191B4052886}"
EndProject
Project("{2150E333-8FDC-42A3-9474-1A3956D46DE8}") = "Application", "Application", "{BF0B36C9-5E17-4FD5-BBCE-D76B5E5C3673}"
EndProject
Project("{2150E333-8FDC-42A3-9474-1A3956D46DE8}") = "Contracts", "Contracts", "{4220F1D9-3232-482C-933D-6C50308F14AA}"
EndProject
Project("{2150E333-8FDC-42A3-9474-1A3956D46DE8}") = "Hosts", "Hosts", "{E429533F-FB92-49B3-BB74-DCFBAE68131F}"
EndProject
Project("{2150E333-8FDC-42A3-9474-1A3956D46DE8}") = "Infrastructure", "Infrastructure", "{50BF1C6D-9369-48BC-ACC4-4C60C5D36435}"
EndProject
Project("{FAE04EC0-301F-11D3-BF4B-00C04F79EFBC}") = "PostSocket.Daemon", "Infrastructure\PostSocket\Hosts\PostSocket.Daemon\PostSocket.Daemon.csproj", "{8463125C-8DE0-4D22-BE2B-49671982F776}"
EndProject
Project("{FAE04EC0-301F-11D3-BF4B-00C04F79EFBC}") = "PostSocket.AppServices", "Infrastructure\PostSocket\Application\PostSocket.AppServices\PostSocket.AppServices.csproj", "{032795A5-E2B9-479D-BAFE-936247F47535}"
EndProject
Project("{FAE04EC0-301F-11D3-BF4B-00C04F79EFBC}") = "PostSocket.Handlers", "Infrastructure\PostSocket\Application\PostSocket.Handlers\PostSocket.Handlers.csproj", "{518E9201-3B66-4BA1-9662-FDA624AB54BA}"
EndProject
Project("{FAE04EC0-301F-11D3-BF4B-00C04F79EFBC}") = "PostSocket.Contracts", "Infrastructure\PostSocket\Contracts\PostSocket.Contracts\PostSocket.Contracts.csproj", "{032A29F7-2F31-48B0-A415-7FB36E68117D}"
EndProject
Project("{FAE04EC0-301F-11D3-BF4B-00C04F79EFBC}") = "PostSocket.Registry", "Infrastructure\PostSocket\Infrastructure\PostSocket.Registry\PostSocket.Registry.csproj", "{F23A1467-FFD1-437F-AB67-CF620BC6A6F0}"
EndProject
Project("{2150E333-8FDC-42A3-9474-1A3956D46DE8}") = "Contracts", "Contracts", "{EE793F3A-09C1-4266-9CAA-9AC153C178DC}"
EndProject
Project("{FAE04EC0-301F-11D3-BF4B-00C04F79EFBC}") = "Common.Contracts", "Common\Contracts\Common.Contracts\Common.Contracts.csproj", "{C81A641D-DC97-45D2-A012-808D23B2D7A1}"
EndProject
Global
	GlobalSection(SolutionConfigurationPlatforms) = preSolution
		Debug|Any CPU = Debug|Any CPU
		Release|Any CPU = Release|Any CPU
	EndGlobalSection
	GlobalSection(ProjectConfigurationPlatforms) = postSolution
		{731AF5EA-043E-4173-9F26-58B2ADE29D2D}.Debug|Any CPU.ActiveCfg = Debug|Any CPU
		{731AF5EA-043E-4173-9F26-58B2ADE29D2D}.Debug|Any CPU.Build.0 = Debug|Any CPU
		{731AF5EA-043E-4173-9F26-58B2ADE29D2D}.Release|Any CPU.ActiveCfg = Release|Any CPU
		{731AF5EA-043E-4173-9F26-58B2ADE29D2D}.Release|Any CPU.Build.0 = Release|Any CPU
		{67F2B064-4169-4646-B703-1C0A53D779B2}.Debug|Any CPU.ActiveCfg = Debug|Any CPU
		{67F2B064-4169-4646-B703-1C0A53D779B2}.Debug|Any CPU.Build.0 = Debug|Any CPU
		{67F2B064-4169-4646-B703-1C0A53D779B2}.Release|Any CPU.ActiveCfg = Release|Any CPU
		{67F2B064-4169-4646-B703-1C0A53D779B2}.Release|Any CPU.Build.0 = Release|Any CPU
		{E73DE5F5-DACF-4BA1-A330-0AA63FCCC149}.Debug|Any CPU.ActiveCfg = Debug|Any CPU
		{E73DE5F5-DACF-4BA1-A330-0AA63FCCC149}.Debug|Any CPU.Build.0 = Debug|Any CPU
		{E73DE5F5-DACF-4BA1-A330-0AA63FCCC149}.Release|Any CPU.ActiveCfg = Release|Any CPU
		{E73DE5F5-DACF-4BA1-A330-0AA63FCCC149}.Release|Any CPU.Build.0 = Release|Any CPU
		{DB079BCA-273D-42E6-B801-DA24E42B96B0}.Debug|Any CPU.ActiveCfg = Debug|Any CPU
		{DB079BCA-273D-42E6-B801-DA24E42B96B0}.Debug|Any CPU.Build.0 = Debug|Any CPU
		{DB079BCA-273D-42E6-B801-DA24E42B96B0}.Release|Any CPU.ActiveCfg = Release|Any CPU
		{DB079BCA-273D-42E6-B801-DA24E42B96B0}.Release|Any CPU.Build.0 = Release|Any CPU
		{17FACB13-78F7-49F3-9535-04AC299DBBA7}.Debug|Any CPU.ActiveCfg = Debug|Any CPU
		{17FACB13-78F7-49F3-9535-04AC299DBBA7}.Debug|Any CPU.Build.0 = Debug|Any CPU
		{17FACB13-78F7-49F3-9535-04AC299DBBA7}.Release|Any CPU.ActiveCfg = Release|Any CPU
		{17FACB13-78F7-49F3-9535-04AC299DBBA7}.Release|Any CPU.Build.0 = Release|Any CPU
		{354CCC2E-5DEC-4C76-B4E3-C81392954BA3}.Debug|Any CPU.ActiveCfg = Debug|Any CPU
		{354CCC2E-5DEC-4C76-B4E3-C81392954BA3}.Debug|Any CPU.Build.0 = Debug|Any CPU
		{354CCC2E-5DEC-4C76-B4E3-C81392954BA3}.Release|Any CPU.ActiveCfg = Release|Any CPU
		{354CCC2E-5DEC-4C76-B4E3-C81392954BA3}.Release|Any CPU.Build.0 = Release|Any CPU
		{C04E8F7F-18AB-47B6-A393-875E88C70F07}.Debug|Any CPU.ActiveCfg = Debug|Any CPU
		{C04E8F7F-18AB-47B6-A393-875E88C70F07}.Debug|Any CPU.Build.0 = Debug|Any CPU
		{C04E8F7F-18AB-47B6-A393-875E88C70F07}.Release|Any CPU.ActiveCfg = Release|Any CPU
		{C04E8F7F-18AB-47B6-A393-875E88C70F07}.Release|Any CPU.Build.0 = Release|Any CPU
		{7466B7AC-5935-446F-91B4-5636E0041413}.Debug|Any CPU.ActiveCfg = Debug|Any CPU
		{7466B7AC-5935-446F-91B4-5636E0041413}.Debug|Any CPU.Build.0 = Debug|Any CPU
		{7466B7AC-5935-446F-91B4-5636E0041413}.Release|Any CPU.ActiveCfg = Release|Any CPU
		{7466B7AC-5935-446F-91B4-5636E0041413}.Release|Any CPU.Build.0 = Release|Any CPU
		{E76BD238-0F71-46E6-B51D-BCC6C91B6115}.Debug|Any CPU.ActiveCfg = Debug|Any CPU
		{E76BD238-0F71-46E6-B51D-BCC6C91B6115}.Debug|Any CPU.Build.0 = Debug|Any CPU
		{E76BD238-0F71-46E6-B51D-BCC6C91B6115}.Release|Any CPU.ActiveCfg = Release|Any CPU
		{E76BD238-0F71-46E6-B51D-BCC6C91B6115}.Release|Any CPU.Build.0 = Release|Any CPU
		{967F963A-5FE9-4AE9-9CE0-A3698BD49C11}.Debug|Any CPU.ActiveCfg = Debug|Any CPU
		{967F963A-5FE9-4AE9-9CE0-A3698BD49C11}.Debug|Any CPU.Build.0 = Debug|Any CPU
		{967F963A-5FE9-4AE9-9CE0-A3698BD49C11}.Release|Any CPU.ActiveCfg = Release|Any CPU
		{967F963A-5FE9-4AE9-9CE0-A3698BD49C11}.Release|Any CPU.Build.0 = Release|Any CPU
		{C6E990D9-1C85-4A17-9D3C-1E56547699D9}.Debug|Any CPU.ActiveCfg = Debug|Any CPU
		{C6E990D9-1C85-4A17-9D3C-1E56547699D9}.Debug|Any CPU.Build.0 = Debug|Any CPU
		{C6E990D9-1C85-4A17-9D3C-1E56547699D9}.Release|Any CPU.ActiveCfg = Debug|Any CPU
		{C6E990D9-1C85-4A17-9D3C-1E56547699D9}.Release|Any CPU.Build.0 = Debug|Any CPU
		{F63E2A9B-4A21-48D7-895B-AE0E6BBD1580}.Debug|Any CPU.ActiveCfg = Debug|Any CPU
		{F63E2A9B-4A21-48D7-895B-AE0E6BBD1580}.Debug|Any CPU.Build.0 = Debug|Any CPU
		{F63E2A9B-4A21-48D7-895B-AE0E6BBD1580}.Release|Any CPU.ActiveCfg = Release|Any CPU
		{F63E2A9B-4A21-48D7-895B-AE0E6BBD1580}.Release|Any CPU.Build.0 = Release|Any CPU
		{00B8FF9D-6E51-4B7E-BC1E-FFADA1183CA6}.Debug|Any CPU.ActiveCfg = Debug|Any CPU
		{00B8FF9D-6E51-4B7E-BC1E-FFADA1183CA6}.Debug|Any CPU.Build.0 = Debug|Any CPU
		{00B8FF9D-6E51-4B7E-BC1E-FFADA1183CA6}.Release|Any CPU.ActiveCfg = Release|Any CPU
		{00B8FF9D-6E51-4B7E-BC1E-FFADA1183CA6}.Release|Any CPU.Build.0 = Release|Any CPU
		{49C97EAB-930B-4FC5-8791-947B49EC2839}.Debug|Any CPU.ActiveCfg = Debug|Any CPU
		{49C97EAB-930B-4FC5-8791-947B49EC2839}.Debug|Any CPU.Build.0 = Debug|Any CPU
		{49C97EAB-930B-4FC5-8791-947B49EC2839}.Release|Any CPU.ActiveCfg = Release|Any CPU
		{49C97EAB-930B-4FC5-8791-947B49EC2839}.Release|Any CPU.Build.0 = Release|Any CPU
		{5B102EB3-5199-4C72-9016-8BF7BBE783A6}.Debug|Any CPU.ActiveCfg = Debug|Any CPU
		{5B102EB3-5199-4C72-9016-8BF7BBE783A6}.Debug|Any CPU.Build.0 = Debug|Any CPU
		{5B102EB3-5199-4C72-9016-8BF7BBE783A6}.Release|Any CPU.ActiveCfg = Release|Any CPU
		{5B102EB3-5199-4C72-9016-8BF7BBE783A6}.Release|Any CPU.Build.0 = Release|Any CPU
		{5260558A-5DDC-4B62-AF5B-09F75D170A27}.Debug|Any CPU.ActiveCfg = Debug|Any CPU
		{5260558A-5DDC-4B62-AF5B-09F75D170A27}.Debug|Any CPU.Build.0 = Debug|Any CPU
		{5260558A-5DDC-4B62-AF5B-09F75D170A27}.Release|Any CPU.ActiveCfg = Release|Any CPU
		{5260558A-5DDC-4B62-AF5B-09F75D170A27}.Release|Any CPU.Build.0 = Release|Any CPU
		{8930DEA4-709E-47A6-A18C-F53B50E5341E}.Debug|Any CPU.ActiveCfg = Debug|Any CPU
		{8930DEA4-709E-47A6-A18C-F53B50E5341E}.Debug|Any CPU.Build.0 = Debug|Any CPU
		{8930DEA4-709E-47A6-A18C-F53B50E5341E}.Release|Any CPU.ActiveCfg = Release|Any CPU
		{8930DEA4-709E-47A6-A18C-F53B50E5341E}.Release|Any CPU.Build.0 = Release|Any CPU
		{8463125C-8DE0-4D22-BE2B-49671982F776}.Debug|Any CPU.ActiveCfg = Debug|Any CPU
		{8463125C-8DE0-4D22-BE2B-49671982F776}.Debug|Any CPU.Build.0 = Debug|Any CPU
		{8463125C-8DE0-4D22-BE2B-49671982F776}.Release|Any CPU.ActiveCfg = Release|Any CPU
		{8463125C-8DE0-4D22-BE2B-49671982F776}.Release|Any CPU.Build.0 = Release|Any CPU
		{032795A5-E2B9-479D-BAFE-936247F47535}.Debug|Any CPU.ActiveCfg = Debug|Any CPU
		{032795A5-E2B9-479D-BAFE-936247F47535}.Debug|Any CPU.Build.0 = Debug|Any CPU
		{032795A5-E2B9-479D-BAFE-936247F47535}.Release|Any CPU.ActiveCfg = Release|Any CPU
		{032795A5-E2B9-479D-BAFE-936247F47535}.Release|Any CPU.Build.0 = Release|Any CPU
		{518E9201-3B66-4BA1-9662-FDA624AB54BA}.Debug|Any CPU.ActiveCfg = Debug|Any CPU
		{518E9201-3B66-4BA1-9662-FDA624AB54BA}.Debug|Any CPU.Build.0 = Debug|Any CPU
		{518E9201-3B66-4BA1-9662-FDA624AB54BA}.Release|Any CPU.ActiveCfg = Release|Any CPU
		{518E9201-3B66-4BA1-9662-FDA624AB54BA}.Release|Any CPU.Build.0 = Release|Any CPU
		{032A29F7-2F31-48B0-A415-7FB36E68117D}.Debug|Any CPU.ActiveCfg = Debug|Any CPU
		{032A29F7-2F31-48B0-A415-7FB36E68117D}.Debug|Any CPU.Build.0 = Debug|Any CPU
		{032A29F7-2F31-48B0-A415-7FB36E68117D}.Release|Any CPU.ActiveCfg = Release|Any CPU
		{032A29F7-2F31-48B0-A415-7FB36E68117D}.Release|Any CPU.Build.0 = Release|Any CPU
		{F23A1467-FFD1-437F-AB67-CF620BC6A6F0}.Debug|Any CPU.ActiveCfg = Debug|Any CPU
		{F23A1467-FFD1-437F-AB67-CF620BC6A6F0}.Debug|Any CPU.Build.0 = Debug|Any CPU
		{F23A1467-FFD1-437F-AB67-CF620BC6A6F0}.Release|Any CPU.ActiveCfg = Release|Any CPU
		{F23A1467-FFD1-437F-AB67-CF620BC6A6F0}.Release|Any CPU.Build.0 = Release|Any CPU
		{C81A641D-DC97-45D2-A012-808D23B2D7A1}.Debug|Any CPU.ActiveCfg = Debug|Any CPU
		{C81A641D-DC97-45D2-A012-808D23B2D7A1}.Debug|Any CPU.Build.0 = Debug|Any CPU
		{C81A641D-DC97-45D2-A012-808D23B2D7A1}.Release|Any CPU.ActiveCfg = Release|Any CPU
		{C81A641D-DC97-45D2-A012-808D23B2D7A1}.Release|Any CPU.Build.0 = Release|Any CPU
	EndGlobalSection
	GlobalSection(NestedProjects) = preSolution
		{731AF5EA-043E-4173-9F26-58B2ADE29D2D} = {C4F5CD4C-C54C-42A9-A413-26544426CEC7}
		{67F2B064-4169-4646-B703-1C0A53D779B2} = {C8563D98-99A3-4B5B-899E-470BC7DD56F8}
		{E73DE5F5-DACF-4BA1-A330-0AA63FCCC149} = {CBC30A5D-EA35-45C4-BEEB-4C1B36284EA8}
		{DB079BCA-273D-42E6-B801-DA24E42B96B0} = {49878B29-0135-4779-8D37-23F6640CD6EC}
		{17FACB13-78F7-49F3-9535-04AC299DBBA7} = {49878B29-0135-4779-8D37-23F6640CD6EC}
		{354CCC2E-5DEC-4C76-B4E3-C81392954BA3} = {7731EE06-D456-4279-83A0-FC8672AB4FA2}
		{C04E8F7F-18AB-47B6-A393-875E88C70F07} = {7731EE06-D456-4279-83A0-FC8672AB4FA2}
		{CBC30A5D-EA35-45C4-BEEB-4C1B36284EA8} = {298A21FB-392E-43DE-96BB-7C76936059F6}
		{C8563D98-99A3-4B5B-899E-470BC7DD56F8} = {298A21FB-392E-43DE-96BB-7C76936059F6}
		{7731EE06-D456-4279-83A0-FC8672AB4FA2} = {298A21FB-392E-43DE-96BB-7C76936059F6}
		{C4F5CD4C-C54C-42A9-A413-26544426CEC7} = {298A21FB-392E-43DE-96BB-7C76936059F6}
		{49878B29-0135-4779-8D37-23F6640CD6EC} = {298A21FB-392E-43DE-96BB-7C76936059F6}
		{004D8EEE-0E34-494E-A980-020CE6D3D528} = {1856E6A8-E661-47E9-85A0-8325A01C75A5}
		{02E0C4EA-9643-400E-AFE5-9D2636CE8413} = {1856E6A8-E661-47E9-85A0-8325A01C75A5}
		{786F8241-7205-40C8-B4A8-B315559A22E5} = {1856E6A8-E661-47E9-85A0-8325A01C75A5}
		{7466B7AC-5935-446F-91B4-5636E0041413} = {004D8EEE-0E34-494E-A980-020CE6D3D528}
		{E76BD238-0F71-46E6-B51D-BCC6C91B6115} = {02E0C4EA-9643-400E-AFE5-9D2636CE8413}
		{967F963A-5FE9-4AE9-9CE0-A3698BD49C11} = {786F8241-7205-40C8-B4A8-B315559A22E5}
		{C6E990D9-1C85-4A17-9D3C-1E56547699D9} = {F331DF2B-A75E-4564-AB32-63CEDF69AFC7}
		{5E1C9CD0-9D36-4E89-A1BC-790114AF9480} = {FDF978AC-1577-4DDC-8579-24CAE84463CC}
		{1364516C-D75D-4FF2-ADC8-B796A8BD91A2} = {FDF978AC-1577-4DDC-8579-24CAE84463CC}
		{294B9C0B-B077-4484-B8E2-FC3B9DBCE503} = {FDF978AC-1577-4DDC-8579-24CAE84463CC}
		{FCBED86C-EBE2-4EE5-B2F7-577B85D85BC2} = {FDF978AC-1577-4DDC-8579-24CAE84463CC}
		{29978894-2C4F-46EC-8294-B9412A74DCCC} = {FDF978AC-1577-4DDC-8579-24CAE84463CC}
		{F63E2A9B-4A21-48D7-895B-AE0E6BBD1580} = {5E1C9CD0-9D36-4E89-A1BC-790114AF9480}
		{00B8FF9D-6E51-4B7E-BC1E-FFADA1183CA6} = {1364516C-D75D-4FF2-ADC8-B796A8BD91A2}
		{49C97EAB-930B-4FC5-8791-947B49EC2839} = {294B9C0B-B077-4484-B8E2-FC3B9DBCE503}
		{5B102EB3-5199-4C72-9016-8BF7BBE783A6} = {29978894-2C4F-46EC-8294-B9412A74DCCC}
		{5260558A-5DDC-4B62-AF5B-09F75D170A27} = {29978894-2C4F-46EC-8294-B9412A74DCCC}
		{8930DEA4-709E-47A6-A18C-F53B50E5341E} = {FCBED86C-EBE2-4EE5-B2F7-577B85D85BC2}
		{D42CA434-40AE-4DA0-A683-E191B4052886} = {B82F7F84-2CFA-4DDA-AFE8-4A30FC486F86}
		{BF0B36C9-5E17-4FD5-BBCE-D76B5E5C3673} = {D42CA434-40AE-4DA0-A683-E191B4052886}
		{4220F1D9-3232-482C-933D-6C50308F14AA} = {D42CA434-40AE-4DA0-A683-E191B4052886}
		{E429533F-FB92-49B3-BB74-DCFBAE68131F} = {D42CA434-40AE-4DA0-A683-E191B4052886}
		{50BF1C6D-9369-48BC-ACC4-4C60C5D36435} = {D42CA434-40AE-4DA0-A683-E191B4052886}
		{8463125C-8DE0-4D22-BE2B-49671982F776} = {E429533F-FB92-49B3-BB74-DCFBAE68131F}
		{032795A5-E2B9-479D-BAFE-936247F47535} = {BF0B36C9-5E17-4FD5-BBCE-D76B5E5C3673}
		{518E9201-3B66-4BA1-9662-FDA624AB54BA} = {BF0B36C9-5E17-4FD5-BBCE-D76B5E5C3673}
		{032A29F7-2F31-48B0-A415-7FB36E68117D} = {4220F1D9-3232-482C-933D-6C50308F14AA}
		{F23A1467-FFD1-437F-AB67-CF620BC6A6F0} = {50BF1C6D-9369-48BC-ACC4-4C60C5D36435}
		{EE793F3A-09C1-4266-9CAA-9AC153C178DC} = {1856E6A8-E661-47E9-85A0-8325A01C75A5}
		{C81A641D-DC97-45D2-A012-808D23B2D7A1} = {EE793F3A-09C1-4266-9CAA-9AC153C178DC}
	EndGlobalSection
EndGlobal
