
Microsoft Visual Studio Solution File, Format Version 12.00
Project("{2150E333-8FDC-42A3-9474-1A3956D46DE8}") = "Common", "Common", "{1856E6A8-E661-47E9-85A0-8325A01C75A5}"
EndProject
Project("{2150E333-8FDC-42A3-9474-1A3956D46DE8}") = "DataAccess", "DataAccess", "{004D8EEE-0E34-494E-A980-020CE6D3D528}"
EndProject
Project("{2150E333-8FDC-42A3-9474-1A3956D46DE8}") = "Http", "Http", "{02E0C4EA-9643-400E-AFE5-9D2636CE8413}"
EndProject
Project("{2150E333-8FDC-42A3-9474-1A3956D46DE8}") = "Utility", "Utility", "{786F8241-7205-40C8-B4A8-B315559A22E5}"
EndProject
Project("{FAE04EC0-301F-11D3-BF4B-00C04F79EFBC}") = "Common.DataAccess", "Common\DataAccess\Common.DataAccess\Common.DataAccess.csproj", "{7466B7AC-5935-446F-91B4-5636E0041413}"
EndProject
Project("{FAE04EC0-301F-11D3-BF4B-00C04F79EFBC}") = "Common.Http", "Common\Http\Common.Http\Common.Http.csproj", "{E76BD238-0F71-46E6-B51D-BCC6C91B6115}"
EndProject
Project("{FAE04EC0-301F-11D3-BF4B-00C04F79EFBC}") = "Common.Utility", "Common\Utility\Common.Utility.csproj", "{967F963A-5FE9-4AE9-9CE0-A3698BD49C11}"
EndProject
Project("{2150E333-8FDC-42A3-9474-1A3956D46DE8}") = "deployment", "deployment", "{F331DF2B-A75E-4564-AB32-63CEDF69AFC7}"
EndProject
Project("{FAE04EC0-301F-11D3-BF4B-00C04F79EFBC}") = "docker-compose", "deployment\docker-compose.dcproj", "{C6E990D9-1C85-4A17-9D3C-1E56547699D9}"
EndProject
Project("{2150E333-8FDC-42A3-9474-1A3956D46DE8}") = "Contracts", "Contracts", "{EE793F3A-09C1-4266-9CAA-9AC153C178DC}"
EndProject
Project("{FAE04EC0-301F-11D3-BF4B-00C04F79EFBC}") = "Common.Contracts", "Common\Contracts\Common.Contracts\Common.Contracts.csproj", "{C81A641D-DC97-45D2-A012-808D23B2D7A1}"
EndProject
Project("{2150E333-8FDC-42A3-9474-1A3956D46DE8}") = "Gateway", "Gateway", "{58F7F018-6423-46F2-9596-7D2ED1F9EFFF}"
EndProject
Project("{FAE04EC0-301F-11D3-BF4B-00C04F79EFBC}") = "Gateway", "Gateway\Gateway.csproj", "{6F3C23B9-8881-4C3C-913B-C611E3783759}"
EndProject
Project("{2150E333-8FDC-42A3-9474-1A3956D46DE8}") = "Security", "Security", "{5C751674-134E-4795-B375-76A6E9E7BBA5}"
EndProject
Project("{FAE04EC0-301F-11D3-BF4B-00C04F79EFBC}") = "Common.Security", "Common\Security\Common.Security.csproj", "{88932184-946A-489D-BC6B-43C39DE02712}"
EndProject
Project("{2150E333-8FDC-42A3-9474-1A3956D46DE8}") = "Fields", "Fields", "{142E8BF3-2547-48F6-90AD-0DBF01759CCE}"
EndProject
Project("{2150E333-8FDC-42A3-9474-1A3956D46DE8}") = "Geo", "Geo", "{F08EB2F3-1533-409A-9291-34FC70A1EA3A}"
EndProject
Project("{2150E333-8FDC-42A3-9474-1A3956D46DE8}") = "Application", "Application", "{AB4F258E-3B90-4700-A6BA-D79D84BCCE29}"
EndProject
Project("{2150E333-8FDC-42A3-9474-1A3956D46DE8}") = "Contracts", "Contracts", "{7F9F3392-C426-4847-87D7-3D4AC9B97A74}"
EndProject
Project("{2150E333-8FDC-42A3-9474-1A3956D46DE8}") = "Domain", "Domain", "{9B0BCFD3-DC52-4A07-8D04-1BF39D62A26C}"
EndProject
Project("{2150E333-8FDC-42A3-9474-1A3956D46DE8}") = "Host", "Host", "{ED5C8800-9EC7-4083-A9F2-1CC9CB84166C}"
EndProject
Project("{2150E333-8FDC-42A3-9474-1A3956D46DE8}") = "Infrastructure", "Infrastructure", "{9AF87966-7BCB-44B7-9389-77F8308BBE37}"
EndProject
Project("{2150E333-8FDC-42A3-9474-1A3956D46DE8}") = "Application", "Application", "{8F800E79-B3C3-478F-A448-1707E8C771B8}"
EndProject
Project("{2150E333-8FDC-42A3-9474-1A3956D46DE8}") = "Contracts", "Contracts", "{B2ED9A07-510F-46D9-8C8D-B8DFDC6E358A}"
EndProject
Project("{2150E333-8FDC-42A3-9474-1A3956D46DE8}") = "Domain", "Domain", "{D8C706BF-ECB8-4A29-93A7-A7A0397AD1B9}"
EndProject
Project("{2150E333-8FDC-42A3-9474-1A3956D46DE8}") = "Host", "Host", "{A208833C-729A-4909-996A-413851D1FF28}"
EndProject
Project("{2150E333-8FDC-42A3-9474-1A3956D46DE8}") = "Infrastructure", "Infrastructure", "{27231D31-21D7-4904-920B-3F240C73369C}"
EndProject
Project("{FAE04EC0-301F-11D3-BF4B-00C04F79EFBC}") = "Fields.Application", "Fields\Application\Fields.Application.csproj", "{C3155590-B5B1-42D4-8AE7-B663C1D0D305}"
EndProject
Project("{FAE04EC0-301F-11D3-BF4B-00C04F79EFBC}") = "Fields.Contracts", "Fields\Contracts\Fields.Contracts.csproj", "{4CDF47C4-FEAD-4076-B447-09AC120F9C6A}"
EndProject
Project("{FAE04EC0-301F-11D3-BF4B-00C04F79EFBC}") = "Fields.Entities", "Fields\Domain\Fields.Entities.csproj", "{D02B647A-0847-4E33-B749-CA229CF7714A}"
EndProject
Project("{FAE04EC0-301F-11D3-BF4B-00C04F79EFBC}") = "Fields.Api", "Fields\Host\Fields.Api.csproj", "{0DA09336-6B7E-45A0-8929-58E8F0E9F14E}"
EndProject
Project("{FAE04EC0-301F-11D3-BF4B-00C04F79EFBC}") = "Fields.DataAccess", "Fields\Infrastructure\Fields.DataAccess\Fields.DataAccess.csproj", "{419BAD5E-C44D-4CB4-9747-9C967D2F6EB4}"
EndProject
Project("{FAE04EC0-301F-11D3-BF4B-00C04F79EFBC}") = "Fields.Registry", "Fields\Infrastructure\Fields.Registry\Fields.Registry.csproj", "{2CDB0C34-2414-4697-BA99-3B517CB33D55}"
EndProject
Project("{2150E333-8FDC-42A3-9474-1A3956D46DE8}") = "Migrator", "Migrator", "{AB0AAA33-16FD-45C2-BD93-EDFEEED5A2DA}"
EndProject
Project("{FAE04EC0-301F-11D3-BF4B-00C04F79EFBC}") = "Geo.Application", "Geo\Application\Geo.Application.csproj", "{85BED10E-7FB7-4DD9-BDFB-C1EA32DFC050}"
EndProject
Project("{FAE04EC0-301F-11D3-BF4B-00C04F79EFBC}") = "Geo.Contracts", "Geo\Contracts\Geo.Contracts.csproj", "{361CF947-477B-485B-AF23-B2399F839387}"
EndProject
Project("{FAE04EC0-301F-11D3-BF4B-00C04F79EFBC}") = "Geo.Entities", "Geo\Domain\Geo.Entities.csproj", "{1423DE9B-25AC-4690-BCAC-F78DA5D4C068}"
EndProject
Project("{FAE04EC0-301F-11D3-BF4B-00C04F79EFBC}") = "Geo.Api", "Geo\Host\Geo.Api.csproj", "{6FD86542-65CC-4BC9-AE87-FD2DA0A7B445}"
EndProject
Project("{FAE04EC0-301F-11D3-BF4B-00C04F79EFBC}") = "Geo.DataAccess", "Geo\Infrastructure\Geo.DataAccess\Geo.DataAccess.csproj", "{EC37DD1F-3B4A-48BD-8B9C-20283DF55D14}"
EndProject
Project("{FAE04EC0-301F-11D3-BF4B-00C04F79EFBC}") = "Geo.Registry", "Geo\Infrastructure\Geo.Registry\Geo.Registry.csproj", "{11F2BD11-B67E-4F9E-AF5B-3BBF215603E4}"
EndProject
Project("{FAE04EC0-301F-11D3-BF4B-00C04F79EFBC}") = "Platform.Migrator", "Migrator\Platform.Migrator.csproj", "{156DD99D-642A-44EB-8DB8-043DDA7914B8}"
EndProject
Global
	GlobalSection(SolutionConfigurationPlatforms) = preSolution
		Debug|Any CPU = Debug|Any CPU
		Release|Any CPU = Release|Any CPU
	EndGlobalSection
	GlobalSection(ProjectConfigurationPlatforms) = postSolution
		{7466B7AC-5935-446F-91B4-5636E0041413}.Debug|Any CPU.ActiveCfg = Debug|Any CPU
		{7466B7AC-5935-446F-91B4-5636E0041413}.Debug|Any CPU.Build.0 = Debug|Any CPU
		{7466B7AC-5935-446F-91B4-5636E0041413}.Release|Any CPU.ActiveCfg = Release|Any CPU
		{7466B7AC-5935-446F-91B4-5636E0041413}.Release|Any CPU.Build.0 = Release|Any CPU
		{E76BD238-0F71-46E6-B51D-BCC6C91B6115}.Debug|Any CPU.ActiveCfg = Debug|Any CPU
		{E76BD238-0F71-46E6-B51D-BCC6C91B6115}.Debug|Any CPU.Build.0 = Debug|Any CPU
		{E76BD238-0F71-46E6-B51D-BCC6C91B6115}.Release|Any CPU.ActiveCfg = Release|Any CPU
		{E76BD238-0F71-46E6-B51D-BCC6C91B6115}.Release|Any CPU.Build.0 = Release|Any CPU
		{967F963A-5FE9-4AE9-9CE0-A3698BD49C11}.Debug|Any CPU.ActiveCfg = Debug|Any CPU
		{967F963A-5FE9-4AE9-9CE0-A3698BD49C11}.Debug|Any CPU.Build.0 = Debug|Any CPU
		{967F963A-5FE9-4AE9-9CE0-A3698BD49C11}.Release|Any CPU.ActiveCfg = Release|Any CPU
		{967F963A-5FE9-4AE9-9CE0-A3698BD49C11}.Release|Any CPU.Build.0 = Release|Any CPU
		{C6E990D9-1C85-4A17-9D3C-1E56547699D9}.Debug|Any CPU.ActiveCfg = Debug|Any CPU
		{C6E990D9-1C85-4A17-9D3C-1E56547699D9}.Debug|Any CPU.Build.0 = Debug|Any CPU
		{C6E990D9-1C85-4A17-9D3C-1E56547699D9}.Release|Any CPU.ActiveCfg = Debug|Any CPU
		{C6E990D9-1C85-4A17-9D3C-1E56547699D9}.Release|Any CPU.Build.0 = Debug|Any CPU
		{C81A641D-DC97-45D2-A012-808D23B2D7A1}.Debug|Any CPU.ActiveCfg = Debug|Any CPU
		{C81A641D-DC97-45D2-A012-808D23B2D7A1}.Debug|Any CPU.Build.0 = Debug|Any CPU
		{C81A641D-DC97-45D2-A012-808D23B2D7A1}.Release|Any CPU.ActiveCfg = Release|Any CPU
		{C81A641D-DC97-45D2-A012-808D23B2D7A1}.Release|Any CPU.Build.0 = Release|Any CPU
		{6F3C23B9-8881-4C3C-913B-C611E3783759}.Debug|Any CPU.ActiveCfg = Debug|Any CPU
		{6F3C23B9-8881-4C3C-913B-C611E3783759}.Debug|Any CPU.Build.0 = Debug|Any CPU
		{6F3C23B9-8881-4C3C-913B-C611E3783759}.Release|Any CPU.ActiveCfg = Release|Any CPU
		{6F3C23B9-8881-4C3C-913B-C611E3783759}.Release|Any CPU.Build.0 = Release|Any CPU
		{88932184-946A-489D-BC6B-43C39DE02712}.Debug|Any CPU.ActiveCfg = Debug|Any CPU
		{88932184-946A-489D-BC6B-43C39DE02712}.Debug|Any CPU.Build.0 = Debug|Any CPU
		{88932184-946A-489D-BC6B-43C39DE02712}.Release|Any CPU.ActiveCfg = Release|Any CPU
		{88932184-946A-489D-BC6B-43C39DE02712}.Release|Any CPU.Build.0 = Release|Any CPU
		{C3155590-B5B1-42D4-8AE7-B663C1D0D305}.Debug|Any CPU.ActiveCfg = Debug|Any CPU
		{C3155590-B5B1-42D4-8AE7-B663C1D0D305}.Debug|Any CPU.Build.0 = Debug|Any CPU
		{C3155590-B5B1-42D4-8AE7-B663C1D0D305}.Release|Any CPU.ActiveCfg = Release|Any CPU
		{C3155590-B5B1-42D4-8AE7-B663C1D0D305}.Release|Any CPU.Build.0 = Release|Any CPU
		{4CDF47C4-FEAD-4076-B447-09AC120F9C6A}.Debug|Any CPU.ActiveCfg = Debug|Any CPU
		{4CDF47C4-FEAD-4076-B447-09AC120F9C6A}.Debug|Any CPU.Build.0 = Debug|Any CPU
		{4CDF47C4-FEAD-4076-B447-09AC120F9C6A}.Release|Any CPU.ActiveCfg = Release|Any CPU
		{4CDF47C4-FEAD-4076-B447-09AC120F9C6A}.Release|Any CPU.Build.0 = Release|Any CPU
		{D02B647A-0847-4E33-B749-CA229CF7714A}.Debug|Any CPU.ActiveCfg = Debug|Any CPU
		{D02B647A-0847-4E33-B749-CA229CF7714A}.Debug|Any CPU.Build.0 = Debug|Any CPU
		{D02B647A-0847-4E33-B749-CA229CF7714A}.Release|Any CPU.ActiveCfg = Release|Any CPU
		{D02B647A-0847-4E33-B749-CA229CF7714A}.Release|Any CPU.Build.0 = Release|Any CPU
		{0DA09336-6B7E-45A0-8929-58E8F0E9F14E}.Debug|Any CPU.ActiveCfg = Debug|Any CPU
		{0DA09336-6B7E-45A0-8929-58E8F0E9F14E}.Debug|Any CPU.Build.0 = Debug|Any CPU
		{0DA09336-6B7E-45A0-8929-58E8F0E9F14E}.Release|Any CPU.ActiveCfg = Release|Any CPU
		{0DA09336-6B7E-45A0-8929-58E8F0E9F14E}.Release|Any CPU.Build.0 = Release|Any CPU
		{419BAD5E-C44D-4CB4-9747-9C967D2F6EB4}.Debug|Any CPU.ActiveCfg = Debug|Any CPU
		{419BAD5E-C44D-4CB4-9747-9C967D2F6EB4}.Debug|Any CPU.Build.0 = Debug|Any CPU
		{419BAD5E-C44D-4CB4-9747-9C967D2F6EB4}.Release|Any CPU.ActiveCfg = Release|Any CPU
		{419BAD5E-C44D-4CB4-9747-9C967D2F6EB4}.Release|Any CPU.Build.0 = Release|Any CPU
		{2CDB0C34-2414-4697-BA99-3B517CB33D55}.Debug|Any CPU.ActiveCfg = Debug|Any CPU
		{2CDB0C34-2414-4697-BA99-3B517CB33D55}.Debug|Any CPU.Build.0 = Debug|Any CPU
		{2CDB0C34-2414-4697-BA99-3B517CB33D55}.Release|Any CPU.ActiveCfg = Release|Any CPU
		{2CDB0C34-2414-4697-BA99-3B517CB33D55}.Release|Any CPU.Build.0 = Release|Any CPU
		{85BED10E-7FB7-4DD9-BDFB-C1EA32DFC050}.Debug|Any CPU.ActiveCfg = Debug|Any CPU
		{85BED10E-7FB7-4DD9-BDFB-C1EA32DFC050}.Debug|Any CPU.Build.0 = Debug|Any CPU
		{85BED10E-7FB7-4DD9-BDFB-C1EA32DFC050}.Release|Any CPU.ActiveCfg = Release|Any CPU
		{85BED10E-7FB7-4DD9-BDFB-C1EA32DFC050}.Release|Any CPU.Build.0 = Release|Any CPU
		{361CF947-477B-485B-AF23-B2399F839387}.Debug|Any CPU.ActiveCfg = Debug|Any CPU
		{361CF947-477B-485B-AF23-B2399F839387}.Debug|Any CPU.Build.0 = Debug|Any CPU
		{361CF947-477B-485B-AF23-B2399F839387}.Release|Any CPU.ActiveCfg = Release|Any CPU
		{361CF947-477B-485B-AF23-B2399F839387}.Release|Any CPU.Build.0 = Release|Any CPU
		{1423DE9B-25AC-4690-BCAC-F78DA5D4C068}.Debug|Any CPU.ActiveCfg = Debug|Any CPU
		{1423DE9B-25AC-4690-BCAC-F78DA5D4C068}.Debug|Any CPU.Build.0 = Debug|Any CPU
		{1423DE9B-25AC-4690-BCAC-F78DA5D4C068}.Release|Any CPU.ActiveCfg = Release|Any CPU
		{1423DE9B-25AC-4690-BCAC-F78DA5D4C068}.Release|Any CPU.Build.0 = Release|Any CPU
		{6FD86542-65CC-4BC9-AE87-FD2DA0A7B445}.Debug|Any CPU.ActiveCfg = Debug|Any CPU
		{6FD86542-65CC-4BC9-AE87-FD2DA0A7B445}.Debug|Any CPU.Build.0 = Debug|Any CPU
		{6FD86542-65CC-4BC9-AE87-FD2DA0A7B445}.Release|Any CPU.ActiveCfg = Release|Any CPU
		{6FD86542-65CC-4BC9-AE87-FD2DA0A7B445}.Release|Any CPU.Build.0 = Release|Any CPU
		{EC37DD1F-3B4A-48BD-8B9C-20283DF55D14}.Debug|Any CPU.ActiveCfg = Debug|Any CPU
		{EC37DD1F-3B4A-48BD-8B9C-20283DF55D14}.Debug|Any CPU.Build.0 = Debug|Any CPU
		{EC37DD1F-3B4A-48BD-8B9C-20283DF55D14}.Release|Any CPU.ActiveCfg = Release|Any CPU
		{EC37DD1F-3B4A-48BD-8B9C-20283DF55D14}.Release|Any CPU.Build.0 = Release|Any CPU
		{11F2BD11-B67E-4F9E-AF5B-3BBF215603E4}.Debug|Any CPU.ActiveCfg = Debug|Any CPU
		{11F2BD11-B67E-4F9E-AF5B-3BBF215603E4}.Debug|Any CPU.Build.0 = Debug|Any CPU
		{11F2BD11-B67E-4F9E-AF5B-3BBF215603E4}.Release|Any CPU.ActiveCfg = Release|Any CPU
		{11F2BD11-B67E-4F9E-AF5B-3BBF215603E4}.Release|Any CPU.Build.0 = Release|Any CPU
		{156DD99D-642A-44EB-8DB8-043DDA7914B8}.Debug|Any CPU.ActiveCfg = Debug|Any CPU
		{156DD99D-642A-44EB-8DB8-043DDA7914B8}.Debug|Any CPU.Build.0 = Debug|Any CPU
		{156DD99D-642A-44EB-8DB8-043DDA7914B8}.Release|Any CPU.ActiveCfg = Release|Any CPU
		{156DD99D-642A-44EB-8DB8-043DDA7914B8}.Release|Any CPU.Build.0 = Release|Any CPU
	EndGlobalSection
	GlobalSection(NestedProjects) = preSolution
		{004D8EEE-0E34-494E-A980-020CE6D3D528} = {1856E6A8-E661-47E9-85A0-8325A01C75A5}
		{02E0C4EA-9643-400E-AFE5-9D2636CE8413} = {1856E6A8-E661-47E9-85A0-8325A01C75A5}
		{786F8241-7205-40C8-B4A8-B315559A22E5} = {1856E6A8-E661-47E9-85A0-8325A01C75A5}
		{7466B7AC-5935-446F-91B4-5636E0041413} = {004D8EEE-0E34-494E-A980-020CE6D3D528}
		{E76BD238-0F71-46E6-B51D-BCC6C91B6115} = {02E0C4EA-9643-400E-AFE5-9D2636CE8413}
		{967F963A-5FE9-4AE9-9CE0-A3698BD49C11} = {786F8241-7205-40C8-B4A8-B315559A22E5}
		{C6E990D9-1C85-4A17-9D3C-1E56547699D9} = {F331DF2B-A75E-4564-AB32-63CEDF69AFC7}
		{EE793F3A-09C1-4266-9CAA-9AC153C178DC} = {1856E6A8-E661-47E9-85A0-8325A01C75A5}
		{C81A641D-DC97-45D2-A012-808D23B2D7A1} = {EE793F3A-09C1-4266-9CAA-9AC153C178DC}
		{6F3C23B9-8881-4C3C-913B-C611E3783759} = {58F7F018-6423-46F2-9596-7D2ED1F9EFFF}
		{5C751674-134E-4795-B375-76A6E9E7BBA5} = {1856E6A8-E661-47E9-85A0-8325A01C75A5}
		{88932184-946A-489D-BC6B-43C39DE02712} = {5C751674-134E-4795-B375-76A6E9E7BBA5}
		{AB4F258E-3B90-4700-A6BA-D79D84BCCE29} = {142E8BF3-2547-48F6-90AD-0DBF01759CCE}
		{7F9F3392-C426-4847-87D7-3D4AC9B97A74} = {142E8BF3-2547-48F6-90AD-0DBF01759CCE}
		{9B0BCFD3-DC52-4A07-8D04-1BF39D62A26C} = {142E8BF3-2547-48F6-90AD-0DBF01759CCE}
		{ED5C8800-9EC7-4083-A9F2-1CC9CB84166C} = {142E8BF3-2547-48F6-90AD-0DBF01759CCE}
		{9AF87966-7BCB-44B7-9389-77F8308BBE37} = {142E8BF3-2547-48F6-90AD-0DBF01759CCE}
		{8F800E79-B3C3-478F-A448-1707E8C771B8} = {F08EB2F3-1533-409A-9291-34FC70A1EA3A}
		{B2ED9A07-510F-46D9-8C8D-B8DFDC6E358A} = {F08EB2F3-1533-409A-9291-34FC70A1EA3A}
		{D8C706BF-ECB8-4A29-93A7-A7A0397AD1B9} = {F08EB2F3-1533-409A-9291-34FC70A1EA3A}
		{A208833C-729A-4909-996A-413851D1FF28} = {F08EB2F3-1533-409A-9291-34FC70A1EA3A}
		{27231D31-21D7-4904-920B-3F240C73369C} = {F08EB2F3-1533-409A-9291-34FC70A1EA3A}
		{C3155590-B5B1-42D4-8AE7-B663C1D0D305} = {AB4F258E-3B90-4700-A6BA-D79D84BCCE29}
		{4CDF47C4-FEAD-4076-B447-09AC120F9C6A} = {7F9F3392-C426-4847-87D7-3D4AC9B97A74}
		{D02B647A-0847-4E33-B749-CA229CF7714A} = {9B0BCFD3-DC52-4A07-8D04-1BF39D62A26C}
		{0DA09336-6B7E-45A0-8929-58E8F0E9F14E} = {ED5C8800-9EC7-4083-A9F2-1CC9CB84166C}
		{419BAD5E-C44D-4CB4-9747-9C967D2F6EB4} = {9AF87966-7BCB-44B7-9389-77F8308BBE37}
		{2CDB0C34-2414-4697-BA99-3B517CB33D55} = {9AF87966-7BCB-44B7-9389-77F8308BBE37}
		{85BED10E-7FB7-4DD9-BDFB-C1EA32DFC050} = {8F800E79-B3C3-478F-A448-1707E8C771B8}
		{361CF947-477B-485B-AF23-B2399F839387} = {B2ED9A07-510F-46D9-8C8D-B8DFDC6E358A}
		{1423DE9B-25AC-4690-BCAC-F78DA5D4C068} = {D8C706BF-ECB8-4A29-93A7-A7A0397AD1B9}
		{6FD86542-65CC-4BC9-AE87-FD2DA0A7B445} = {A208833C-729A-4909-996A-413851D1FF28}
		{EC37DD1F-3B4A-48BD-8B9C-20283DF55D14} = {27231D31-21D7-4904-920B-3F240C73369C}
		{11F2BD11-B67E-4F9E-AF5B-3BBF215603E4} = {27231D31-21D7-4904-920B-3F240C73369C}
		{156DD99D-642A-44EB-8DB8-043DDA7914B8} = {AB0AAA33-16FD-45C2-BD93-EDFEEED5A2DA}
	EndGlobalSection
EndGlobal
